<?xml version="1.0" encoding="utf-8"?>
<Project ToolsVersion="4.0" xmlns="http://schemas.microsoft.com/developer/msbuild/2003">
  <ItemGroup>
    <Filter Include="리소스 파일">
      <UniqueIdentifier>{67DA6AB6-F800-4c08-8B7A-83BB121AAD01}</UniqueIdentifier>
      <Extensions>rc;ico;cur;bmp;dlg;rc2;rct;bin;rgs;gif;jpg;jpeg;jpe;resx;tiff;tif;png;wav;mfcribbon-ms</Extensions>
    </Filter>
    <Filter Include="Core">
      <UniqueIdentifier>{a41a8c4d-7f3f-4082-bcec-d6dd6d2800fd}</UniqueIdentifier>
    </Filter>
    <Filter Include="Launch">
      <UniqueIdentifier>{e3bc2159-f03b-4fa5-a2d5-f124ba81eeff}</UniqueIdentifier>
    </Filter>
    <Filter Include="Engine">
      <UniqueIdentifier>{ed879782-308d-48d0-a78e-fbdacc92a0da}</UniqueIdentifier>
    </Filter>
    <Filter Include="RHI">
      <UniqueIdentifier>{90bfc203-c853-45e6-ace6-30ae1169e024}</UniqueIdentifier>
    </Filter>
    <Filter Include="RHI\D3D12RHI">
      <UniqueIdentifier>{615920b8-9354-48dc-981a-d364cd87b946}</UniqueIdentifier>
    </Filter>
    <Filter Include="Misc">
      <UniqueIdentifier>{a4f5eaa7-85f1-4e3b-8d0f-e068f261f1d0}</UniqueIdentifier>
    </Filter>
    <Filter Include="RenderTest">
      <UniqueIdentifier>{6f23d489-2c95-4234-9dfe-f020a9fd38d0}</UniqueIdentifier>
    </Filter>
    <Filter Include="Shaders">
      <UniqueIdentifier>{81004302-008f-4c8f-a947-35139aed5728}</UniqueIdentifier>
    </Filter>
    <Filter Include="D3D12Util">
      <UniqueIdentifier>{b28d2b72-62c0-4b43-8373-59a6a7e3058b}</UniqueIdentifier>
    </Filter>
    <Filter Include="Misc\Thirdparty">
      <UniqueIdentifier>{0a4c80de-3891-4251-964b-186963a4f2c6}</UniqueIdentifier>
    </Filter>
    <Filter Include="GraphicsEngine">
      <UniqueIdentifier>{77a23861-768d-4e51-b092-604c7392c8ec}</UniqueIdentifier>
    </Filter>
    <Filter Include="GraphicsEngine\Resources">
      <UniqueIdentifier>{2a38037a-4dae-4186-9dee-e51d8069894d}</UniqueIdentifier>
    </Filter>
  </ItemGroup>
  <ItemGroup>
    <ClInclude Include="Launch\LaunchWindow.h">
      <Filter>Launch</Filter>
    </ClInclude>
    <ClInclude Include="framework.h">
      <Filter>Misc</Filter>
    </ClInclude>
    <ClInclude Include="Resource.h">
      <Filter>Misc</Filter>
    </ClInclude>
    <ClInclude Include="targetver.h">
      <Filter>Misc</Filter>
    </ClInclude>
    <ClInclude Include="Core\Core.h">
      <Filter>Core</Filter>
    </ClInclude>
    <ClInclude Include="Core\Defines.h">
      <Filter>Core</Filter>
    </ClInclude>
    <ClInclude Include="Core\Types.h">
      <Filter>Core</Filter>
    </ClInclude>
    <ClInclude Include="Engine\EngineTest.h">
      <Filter>Engine</Filter>
    </ClInclude>
    <ClInclude Include="GraphicsEngine\Resources\D3D12ThirdParty.h">
      <Filter>RenderTest</Filter>
    </ClInclude>
    <ClInclude Include="Engine\TestGraphics.h">
      <Filter>Engine</Filter>
    </ClInclude>
    <ClInclude Include="Engine\Engine.h">
      <Filter>Engine</Filter>
    </ClInclude>
    <ClInclude Include="Engine\IEngine.h" />
    <ClInclude Include="RenderTest\ModelTest.h">
      <Filter>RenderTest</Filter>
    </ClInclude>
    <ClInclude Include="RenderTest\D3D12ResourceTest.h">
      <Filter>RenderTest</Filter>
    </ClInclude>
    <ClInclude Include="RenderTest\MeshTest.h">
      <Filter>RenderTest</Filter>
    </ClInclude>
    <ClInclude Include="RenderTest\VertexInfo.h">
      <Filter>RenderTest</Filter>
    </ClInclude>
    <ClInclude Include="Engine\Engine2.h">
      <Filter>Engine</Filter>
    </ClInclude>
    <ClInclude Include="Misc\ThirdParty\Thirdparty.h">
      <Filter>Misc\Thirdparty</Filter>
    </ClInclude>
    <ClInclude Include="Misc\AssimpLoader.h">
      <Filter>Misc</Filter>
    </ClInclude>
    <ClInclude Include="Misc\ASEParser.h">
      <Filter>Misc</Filter>
    </ClInclude>
    <ClInclude Include="Engine\Engine3.h" />
    <ClInclude Include="Misc\Utils\PIX.h" />
    <ClInclude Include="RenderTest\GraphicsEngine.h">
      <Filter>RenderTest</Filter>
    </ClInclude>
    <ClInclude Include="GraphicsEngine\IdealRenderer.h">
      <Filter>GraphicsEngine</Filter>
    </ClInclude>
    <ClInclude Include="GraphicsEngine\Resources\D3D12Viewport.h">
      <Filter>GraphicsEngine\Resources</Filter>
    </ClInclude>
    <ClInclude Include="GraphicsEngine\Resources\D3D12Texture.h" />
    <ClInclude Include="Core\ForDebug.h" />
    <ClInclude Include="GraphicsEngine\Resources\D3D12Resource.h">
      <Filter>GraphicsEngine\Resources</Filter>
    </ClInclude>
    <ClInclude Include="GraphicsEngine\Model.h" />
    <ClInclude Include="GraphicsEngine\Mesh.h" />
    <ClInclude Include="GraphicsEngine\Resources\D3D12PipelineStateCache.h">
      <Filter>GraphicsEngine\Resources</Filter>
    </ClInclude>
  </ItemGroup>
  <ItemGroup>
    <ResourceCompile Include="IdealGraphics.rc">
      <Filter>리소스 파일</Filter>
    </ResourceCompile>
  </ItemGroup>
  <ItemGroup>
    <Image Include="small.ico">
      <Filter>리소스 파일</Filter>
    </Image>
    <Image Include="IdealGraphics.ico">
      <Filter>리소스 파일</Filter>
    </Image>
  </ItemGroup>
  <ItemGroup>
    <ClCompile Include="Launch\LaunchWindow.cpp">
      <Filter>Launch</Filter>
    </ClCompile>
    <ClCompile Include="Engine\EngineTest.cpp">
      <Filter>Engine</Filter>
    </ClCompile>
    <ClCompile Include="Engine\TestGraphics.cpp">
      <Filter>Engine</Filter>
    </ClCompile>
    <ClCompile Include="Engine\Engine.cpp">
      <Filter>Engine</Filter>
    </ClCompile>
    <ClCompile Include="Engine\IEngine.cpp" />
    <ClCompile Include="RenderTest\ModelTest.cpp">
      <Filter>RenderTest</Filter>
    </ClCompile>
    <ClCompile Include="RenderTest\D3D12ResourceTest.cpp">
      <Filter>RenderTest</Filter>
    </ClCompile>
    <ClCompile Include="RenderTest\MeshTest.cpp">
      <Filter>RenderTest</Filter>
    </ClCompile>
    <ClCompile Include="RenderTest\VertexInfo.cpp">
      <Filter>RenderTest</Filter>
    </ClCompile>
    <ClCompile Include="Engine\Engine2.cpp">
      <Filter>Engine</Filter>
    </ClCompile>
    <ClCompile Include="Misc\AssimpLoader.cpp">
      <Filter>Misc</Filter>
    </ClCompile>
    <ClCompile Include="Misc\ASEParser.cpp">
      <Filter>Misc</Filter>
    </ClCompile>
    <ClCompile Include="Engine\Engine3.cpp" />
    <ClCompile Include="RenderTest\GraphicsEngine.cpp">
      <Filter>RenderTest</Filter>
    </ClCompile>
    <ClCompile Include="GraphicsEngine\IdealRenderer.cpp">
      <Filter>GraphicsEngine</Filter>
    </ClCompile>
    <ClCompile Include="GraphicsEngine\Resources\D3D12Viewport.cpp">
      <Filter>GraphicsEngine\Resources</Filter>
    </ClCompile>
    <ClCompile Include="GraphicsEngine\Resources\D3D12Texture.cpp" />
    <ClCompile Include="GraphicsEngine\Resources\D3D12Resource.cpp">
      <Filter>GraphicsEngine\Resources</Filter>
    </ClCompile>
    <ClCompile Include="GraphicsEngine\Resources\D3D12Definitions.h" />
    <ClCompile Include="GraphicsEngine\Model.cpp" />
    <ClCompile Include="GraphicsEngine\Mesh.cpp" />
    <ClCompile Include="GraphicsEngine\Resources\D3D12PipelineStateCache.cpp">
      <Filter>GraphicsEngine\Resources</Filter>
    </ClCompile>
  </ItemGroup>
  <ItemGroup>
    <FxCompile Include="Shaders\BoxPS.hlsl">
      <Filter>Shaders</Filter>
    </FxCompile>
    <FxCompile Include="Shaders\BoxVS.hlsl">
      <Filter>Shaders</Filter>
    </FxCompile>
    <FxCompile Include="Shaders\Triangle.hlsl">
      <Filter>Shaders</Filter>
    </FxCompile>
    <FxCompile Include="Shaders\SimplePixelShader.hlsl">
      <Filter>Shaders</Filter>
    </FxCompile>
    <FxCompile Include="Shaders\SimpleVertexShader.hlsl">
      <Filter>Shaders</Filter>
    </FxCompile>
    <FxCompile Include="Shaders\SimplePixelShader2.hlsl">
      <Filter>Shaders</Filter>
    </FxCompile>
  </ItemGroup>
  <ItemGroup>
    <None Include="Shaders\Common.hlsli">
      <Filter>Shaders</Filter>
    </None>
  </ItemGroup>
</Project>